
Microsoft Visual Studio Solution File, Format Version 12.00
# Visual Studio 2012
Project("{FAE04EC0-301F-11D3-BF4B-00C04F79EFBC}") = "XmlPractice", "XmlPractice.csproj", "{4456DC09-515D-4EC1-BF8C-5EB91E17F0EE}"
EndProject
Global
	GlobalSection(TeamFoundationVersionControl) = preSolution
		SccNumberOfProjects = 2
		SccEnterpriseProvider = {4CA58AB2-18FA-4F8D-95D4-32DDF27D184C}
		SccTeamFoundationServer = http://192.168.210.199:8080/tfs/misc
		SccLocalPath0 = .
		SccProjectUniqueName1 = XmlPractice.csproj
		SccLocalPath1 = .
	EndGlobalSection
	GlobalSection(SolutionConfigurationPlatforms) = preSolution
		Debug|Any CPU = Debug|Any CPU
		Release|Any CPU = Release|Any CPU
	EndGlobalSection
	GlobalSection(ProjectConfigurationPlatforms) = postSolution
		{4456DC09-515D-4EC1-BF8C-5EB91E17F0EE}.Debug|Any CPU.ActiveCfg = Debug|Any CPU
		{4456DC09-515D-4EC1-BF8C-5EB91E17F0EE}.Debug|Any CPU.Build.0 = Debug|Any CPU
		{4456DC09-515D-4EC1-BF8C-5EB91E17F0EE}.Release|Any CPU.ActiveCfg = Release|Any CPU
		{4456DC09-515D-4EC1-BF8C-5EB91E17F0EE}.Release|Any CPU.Build.0 = Release|Any CPU
	EndGlobalSection
	GlobalSection(SolutionProperties) = preSolution
		HideSolutionNode = FALSE
	EndGlobalSection
EndGlobal
